
Microsoft Visual Studio Solution File, Format Version 12.00
# Visual Studio Version 17
VisualStudioVersion = 17.4.33122.133
MinimumVisualStudioVersion = 10.0.40219.1
Project("{FAE04EC0-301F-11D3-BF4B-00C04F79EFBC}") = "StaticSharp.DevDocs.Main", "StaticSharp.DevDocs.Main\StaticSharp.DevDocs.Main.csproj", "{CACC2DBA-91B7-41A2-A3C3-9F11C3A311C3}"
EndProject
Global
	GlobalSection(SolutionConfigurationPlatforms) = preSolution
		Debug|Any CPU = Debug|Any CPU
		Release|Any CPU = Release|Any CPU
	EndGlobalSection
	GlobalSection(ProjectConfigurationPlatforms) = postSolution
		{CACC2DBA-91B7-41A2-A3C3-9F11C3A311C3}.Debug|Any CPU.ActiveCfg = Debug|Any CPU
		{CACC2DBA-91B7-41A2-A3C3-9F11C3A311C3}.Debug|Any CPU.Build.0 = Debug|Any CPU
		{CACC2DBA-91B7-41A2-A3C3-9F11C3A311C3}.Release|Any CPU.ActiveCfg = Release|Any CPU
		{CACC2DBA-91B7-41A2-A3C3-9F11C3A311C3}.Release|Any CPU.Build.0 = Release|Any CPU
	EndGlobalSection
	GlobalSection(SolutionProperties) = preSolution
		HideSolutionNode = FALSE
	EndGlobalSection
	GlobalSection(ExtensibilityGlobals) = postSolution
		SolutionGuid = {377A7458-DCB6-4F02-9A36-C4BB79465D58}
	EndGlobalSection
EndGlobal
